
Microsoft Visual Studio Solution File, Format Version 12.00
# Visual Studio Version 17
VisualStudioVersion = 17.8.34322.80
MinimumVisualStudioVersion = 10.0.40219.1
Project("{FAE04EC0-301F-11D3-BF4B-00C04F79EFBC}") = "HunexFileArchiveTool", "HunexFileArchiveTool\HunexFileArchiveTool.csproj", "{20320464-5379-4591-BDD6-4A959EC9503D}"
EndProject
Global
	GlobalSection(SolutionConfigurationPlatforms) = preSolution
		Debug|Any CPU = Debug|Any CPU
		Debug|x64 = Debug|x64
		Debug|x86 = Debug|x86
		Release|Any CPU = Release|Any CPU
		Release|x64 = Release|x64
		Release|x86 = Release|x86
	EndGlobalSection
	GlobalSection(ProjectConfigurationPlatforms) = postSolution
		{20320464-5379-4591-BDD6-4A959EC9503D}.Debug|Any CPU.ActiveCfg = Debug|Any CPU
		{20320464-5379-4591-BDD6-4A959EC9503D}.Debug|Any CPU.Build.0 = Debug|Any CPU
		{20320464-5379-4591-BDD6-4A959EC9503D}.Debug|x64.ActiveCfg = Debug|Any CPU
		{20320464-5379-4591-BDD6-4A959EC9503D}.Debug|x64.Build.0 = Debug|Any CPU
		{20320464-5379-4591-BDD6-4A959EC9503D}.Debug|x86.ActiveCfg = Debug|Any CPU
		{20320464-5379-4591-BDD6-4A959EC9503D}.Debug|x86.Build.0 = Debug|Any CPU
		{20320464-5379-4591-BDD6-4A959EC9503D}.Release|Any CPU.ActiveCfg = Release|Any CPU
		{20320464-5379-4591-BDD6-4A959EC9503D}.Release|Any CPU.Build.0 = Release|Any CPU
		{20320464-5379-4591-BDD6-4A959EC9503D}.Release|x64.ActiveCfg = Release|Any CPU
		{20320464-5379-4591-BDD6-4A959EC9503D}.Release|x64.Build.0 = Release|Any CPU
		{20320464-5379-4591-BDD6-4A959EC9503D}.Release|x86.ActiveCfg = Release|Any CPU
		{20320464-5379-4591-BDD6-4A959EC9503D}.Release|x86.Build.0 = Release|Any CPU
	EndGlobalSection
	GlobalSection(SolutionProperties) = preSolution
		HideSolutionNode = FALSE
	EndGlobalSection
	GlobalSection(ExtensibilityGlobals) = postSolution
		SolutionGuid = {E23FB474-FD45-419E-AF47-FC724599AC2F}
	EndGlobalSection
EndGlobal
